Microsoft Visual Studio Solution File, Format Version 12.00
# Visual Studio 16
Project("{2150E333-8FDC-42A3-9474-1A3956D46DE8}") = "CMakePredefinedTargets", "CMakePredefinedTargets", "{43935037-6007-361D-BD5F-6E342B298BE2}"
EndProject
Project("{2150E333-8FDC-42A3-9474-1A3956D46DE8}") = "GLFW3", "GLFW3", "{6D83088F-0EE9-3001-B7E0-A45C77069D7E}"
EndProject
Project("{8BC9CEB8-8B4A-11D0-8D11-00A0C91BC942}") = "ALL_BUILD", "ALL_BUILD.vcxproj", "{1269F8E2-6465-3BF7-9352-E74EFDB0C125}"
	ProjectSection(ProjectDependencies) = postProject
		{8E7AB236-D41A-3AA4-A5DB-A954B0494521} = {8E7AB236-D41A-3AA4-A5DB-A954B0494521}
		{99A57708-B5EC-3499-ACDB-9A1BB401AE03} = {99A57708-B5EC-3499-ACDB-9A1BB401AE03}
	EndProjectSection
EndProject
Project("{8BC9CEB8-8B4A-11D0-8D11-00A0C91BC942}") = "INSTALL", "INSTALL.vcxproj", "{DD88FC33-8992-3FF9-9716-2A023FAADCDB}"
	ProjectSection(ProjectDependencies) = postProject
		{1269F8E2-6465-3BF7-9352-E74EFDB0C125} = {1269F8E2-6465-3BF7-9352-E74EFDB0C125}
		{8E7AB236-D41A-3AA4-A5DB-A954B0494521} = {8E7AB236-D41A-3AA4-A5DB-A954B0494521}
	EndProjectSection
EndProject
Project("{8BC9CEB8-8B4A-11D0-8D11-00A0C91BC942}") = "PACKAGE", "PACKAGE.vcxproj", "{0EEA861A-9984-32F9-BDF2-9D28CB0DEFDB}"
	ProjectSection(ProjectDependencies) = postProject
		{1269F8E2-6465-3BF7-9352-E74EFDB0C125} = {1269F8E2-6465-3BF7-9352-E74EFDB0C125}
		{8E7AB236-D41A-3AA4-A5DB-A954B0494521} = {8E7AB236-D41A-3AA4-A5DB-A954B0494521}
	EndProjectSection
EndProject
Project("{8BC9CEB8-8B4A-11D0-8D11-00A0C91BC942}") = "ZERO_CHECK", "..\..\..\build\ZERO_CHECK.vcxproj", "{8E7AB236-D41A-3AA4-A5DB-A954B0494521}"
	ProjectSection(ProjectDependencies) = postProject
	EndProjectSection
EndProject
Project("{8BC9CEB8-8B4A-11D0-8D11-00A0C91BC942}") = "glfw", "src\glfw.vcxproj", "{99A57708-B5EC-3499-ACDB-9A1BB401AE03}"
	ProjectSection(ProjectDependencies) = postProject
		{8E7AB236-D41A-3AA4-A5DB-A954B0494521} = {8E7AB236-D41A-3AA4-A5DB-A954B0494521}
	EndProjectSection
EndProject
Project("{8BC9CEB8-8B4A-11D0-8D11-00A0C91BC942}") = "uninstall", "uninstall.vcxproj", "{CEDF5FDC-6439-3367-8724-E9235E6F9872}"
	ProjectSection(ProjectDependencies) = postProject
		{8E7AB236-D41A-3AA4-A5DB-A954B0494521} = {8E7AB236-D41A-3AA4-A5DB-A954B0494521}
	EndProjectSection
EndProject
Global
	GlobalSection(SolutionConfigurationPlatforms) = preSolution
		Debug|x64 = Debug|x64
		Release|x64 = Release|x64
		MinSizeRel|x64 = MinSizeRel|x64
		RelWithDebInfo|x64 = RelWithDebInfo|x64
	EndGlobalSection
	GlobalSection(ProjectConfigurationPlatforms) = postSolution
		{1269F8E2-6465-3BF7-9352-E74EFDB0C125}.Debug|x64.ActiveCfg = Debug|x64
		{1269F8E2-6465-3BF7-9352-E74EFDB0C125}.Debug|x64.Build.0 = Debug|x64
		{1269F8E2-6465-3BF7-9352-E74EFDB0C125}.Release|x64.ActiveCfg = Release|x64
		{1269F8E2-6465-3BF7-9352-E74EFDB0C125}.Release|x64.Build.0 = Release|x64
		{1269F8E2-6465-3BF7-9352-E74EFDB0C125}.MinSizeRel|x64.ActiveCfg = MinSizeRel|x64
		{1269F8E2-6465-3BF7-9352-E74EFDB0C125}.MinSizeRel|x64.Build.0 = MinSizeRel|x64
		{1269F8E2-6465-3BF7-9352-E74EFDB0C125}.RelWithDebInfo|x64.ActiveCfg = RelWithDebInfo|x64
		{1269F8E2-6465-3BF7-9352-E74EFDB0C125}.RelWithDebInfo|x64.Build.0 = RelWithDebInfo|x64
		{DD88FC33-8992-3FF9-9716-2A023FAADCDB}.Debug|x64.ActiveCfg = Debug|x64
		{DD88FC33-8992-3FF9-9716-2A023FAADCDB}.Release|x64.ActiveCfg = Release|x64
		{DD88FC33-8992-3FF9-9716-2A023FAADCDB}.MinSizeRel|x64.ActiveCfg = MinSizeRel|x64
		{DD88FC33-8992-3FF9-9716-2A023FAADCDB}.RelWithDebInfo|x64.ActiveCfg = RelWithDebInfo|x64
		{0EEA861A-9984-32F9-BDF2-9D28CB0DEFDB}.Debug|x64.ActiveCfg = Debug|x64
		{0EEA861A-9984-32F9-BDF2-9D28CB0DEFDB}.Release|x64.ActiveCfg = Release|x64
		{0EEA861A-9984-32F9-BDF2-9D28CB0DEFDB}.MinSizeRel|x64.ActiveCfg = MinSizeRel|x64
		{0EEA861A-9984-32F9-BDF2-9D28CB0DEFDB}.RelWithDebInfo|x64.ActiveCfg = RelWithDebInfo|x64
		{8E7AB236-D41A-3AA4-A5DB-A954B0494521}.Debug|x64.ActiveCfg = Debug|x64
		{8E7AB236-D41A-3AA4-A5DB-A954B0494521}.Debug|x64.Build.0 = Debug|x64
		{8E7AB236-D41A-3AA4-A5DB-A954B0494521}.Release|x64.ActiveCfg = Release|x64
		{8E7AB236-D41A-3AA4-A5DB-A954B0494521}.Release|x64.Build.0 = Release|x64
		{8E7AB236-D41A-3AA4-A5DB-A954B0494521}.MinSizeRel|x64.ActiveCfg = MinSizeRel|x64
		{8E7AB236-D41A-3AA4-A5DB-A954B0494521}.MinSizeRel|x64.Build.0 = MinSizeRel|x64
		{8E7AB236-D41A-3AA4-A5DB-A954B0494521}.RelWithDebInfo|x64.ActiveCfg = RelWithDebInfo|x64
		{8E7AB236-D41A-3AA4-A5DB-A954B0494521}.RelWithDebInfo|x64.Build.0 = RelWithDebInfo|x64
		{99A57708-B5EC-3499-ACDB-9A1BB401AE03}.Debug|x64.ActiveCfg = Debug|x64
		{99A57708-B5EC-3499-ACDB-9A1BB401AE03}.Debug|x64.Build.0 = Debug|x64
		{99A57708-B5EC-3499-ACDB-9A1BB401AE03}.Release|x64.ActiveCfg = Release|x64
		{99A57708-B5EC-3499-ACDB-9A1BB401AE03}.Release|x64.Build.0 = Release|x64
		{99A57708-B5EC-3499-ACDB-9A1BB401AE03}.MinSizeRel|x64.ActiveCfg = MinSizeRel|x64
		{99A57708-B5EC-3499-ACDB-9A1BB401AE03}.MinSizeRel|x64.Build.0 = MinSizeRel|x64
		{99A57708-B5EC-3499-ACDB-9A1BB401AE03}.RelWithDebInfo|x64.ActiveCfg = RelWithDebInfo|x64
		{99A57708-B5EC-3499-ACDB-9A1BB401AE03}.RelWithDebInfo|x64.Build.0 = RelWithDebInfo|x64
		{CEDF5FDC-6439-3367-8724-E9235E6F9872}.Debug|x64.ActiveCfg = Debug|x64
		{CEDF5FDC-6439-3367-8724-E9235E6F9872}.Release|x64.ActiveCfg = Release|x64
		{CEDF5FDC-6439-3367-8724-E9235E6F9872}.MinSizeRel|x64.ActiveCfg = MinSizeRel|x64
		{CEDF5FDC-6439-3367-8724-E9235E6F9872}.RelWithDebInfo|x64.ActiveCfg = RelWithDebInfo|x64
	EndGlobalSection
	GlobalSection(NestedProjects) = preSolution
		{1269F8E2-6465-3BF7-9352-E74EFDB0C125} = {43935037-6007-361D-BD5F-6E342B298BE2}
		{DD88FC33-8992-3FF9-9716-2A023FAADCDB} = {43935037-6007-361D-BD5F-6E342B298BE2}
		{0EEA861A-9984-32F9-BDF2-9D28CB0DEFDB} = {43935037-6007-361D-BD5F-6E342B298BE2}
		{8E7AB236-D41A-3AA4-A5DB-A954B0494521} = {43935037-6007-361D-BD5F-6E342B298BE2}
		{99A57708-B5EC-3499-ACDB-9A1BB401AE03} = {6D83088F-0EE9-3001-B7E0-A45C77069D7E}
		{CEDF5FDC-6439-3367-8724-E9235E6F9872} = {6D83088F-0EE9-3001-B7E0-A45C77069D7E}
	EndGlobalSection
	GlobalSection(ExtensibilityGlobals) = postSolution
		SolutionGuid = {F2C8EA17-36B4-343A-AE74-AFC8D5702857}
	EndGlobalSection
	GlobalSection(ExtensibilityAddIns) = postSolution
	EndGlobalSection
EndGlobal
